
Microsoft Visual Studio Solution File, Format Version 12.00
# Visual Studio Version 16
VisualStudioVersion = 16.0.31624.102
MinimumVisualStudioVersion = 10.0.40219.1
Project("{9A19103F-16F7-4668-BE54-9A1E7A4F7556}") = "eShopSolution.WebApp", "eShopSolution.WebApp\eShopSolution.WebApp.csproj", "{790C80DC-B795-40B5-9617-35EA31BB5B0F}"
EndProject
Project("{2150E333-8FDC-42A3-9474-1A3956D46DE8}") = "Solution Items", "Solution Items", "{2761CDE9-509F-46A4-BD56-7446ED587C02}"
	ProjectSection(SolutionItems) = preProject
		README.md = README.md
	EndProjectSection
EndProject
Project("{9A19103F-16F7-4668-BE54-9A1E7A4F7556}") = "eShopSolution.Data", "eShopSolution.Data\eShopSolution.Data.csproj", "{0D5A2033-9831-496B-823E-1EC78037B160}"
EndProject
Project("{9A19103F-16F7-4668-BE54-9A1E7A4F7556}") = "eShopSolution.Application", "eShopSolution.Application\eShopSolution.Application.csproj", "{C2B9C7A9-3C83-40C0-9A1E-BED7F6039942}"
EndProject
Project("{9A19103F-16F7-4668-BE54-9A1E7A4F7556}") = "EShopSolution.Utilities", "EShopSolution.Utilities\EShopSolution.Utilities.csproj", "{EFF068E1-159B-4BFF-9E39-5F427E79026A}"
EndProject
Project("{FAE04EC0-301F-11D3-BF4B-00C04F79EFBC}") = "eShopSolution.ViewModels", "eShopSolution.ViewModels\eShopSolution.ViewModels.csproj", "{B169C0CE-AA6E-423E-81C2-B7E04AA7026C}"
EndProject
Global
	GlobalSection(SolutionConfigurationPlatforms) = preSolution
		Debug|Any CPU = Debug|Any CPU
		Release|Any CPU = Release|Any CPU
	EndGlobalSection
	GlobalSection(ProjectConfigurationPlatforms) = postSolution
		{790C80DC-B795-40B5-9617-35EA31BB5B0F}.Debug|Any CPU.ActiveCfg = Debug|Any CPU
		{790C80DC-B795-40B5-9617-35EA31BB5B0F}.Debug|Any CPU.Build.0 = Debug|Any CPU
		{790C80DC-B795-40B5-9617-35EA31BB5B0F}.Release|Any CPU.ActiveCfg = Release|Any CPU
		{790C80DC-B795-40B5-9617-35EA31BB5B0F}.Release|Any CPU.Build.0 = Release|Any CPU
		{0D5A2033-9831-496B-823E-1EC78037B160}.Debug|Any CPU.ActiveCfg = Debug|Any CPU
		{0D5A2033-9831-496B-823E-1EC78037B160}.Debug|Any CPU.Build.0 = Debug|Any CPU
		{0D5A2033-9831-496B-823E-1EC78037B160}.Release|Any CPU.ActiveCfg = Release|Any CPU
		{0D5A2033-9831-496B-823E-1EC78037B160}.Release|Any CPU.Build.0 = Release|Any CPU
		{C2B9C7A9-3C83-40C0-9A1E-BED7F6039942}.Debug|Any CPU.ActiveCfg = Debug|Any CPU
		{C2B9C7A9-3C83-40C0-9A1E-BED7F6039942}.Debug|Any CPU.Build.0 = Debug|Any CPU
		{C2B9C7A9-3C83-40C0-9A1E-BED7F6039942}.Release|Any CPU.ActiveCfg = Release|Any CPU
		{C2B9C7A9-3C83-40C0-9A1E-BED7F6039942}.Release|Any CPU.Build.0 = Release|Any CPU
		{EFF068E1-159B-4BFF-9E39-5F427E79026A}.Debug|Any CPU.ActiveCfg = Debug|Any CPU
		{EFF068E1-159B-4BFF-9E39-5F427E79026A}.Debug|Any CPU.Build.0 = Debug|Any CPU
		{EFF068E1-159B-4BFF-9E39-5F427E79026A}.Release|Any CPU.ActiveCfg = Release|Any CPU
		{EFF068E1-159B-4BFF-9E39-5F427E79026A}.Release|Any CPU.Build.0 = Release|Any CPU
		{B169C0CE-AA6E-423E-81C2-B7E04AA7026C}.Debug|Any CPU.ActiveCfg = Debug|Any CPU
		{B169C0CE-AA6E-423E-81C2-B7E04AA7026C}.Debug|Any CPU.Build.0 = Debug|Any CPU
		{B169C0CE-AA6E-423E-81C2-B7E04AA7026C}.Release|Any CPU.ActiveCfg = Release|Any CPU
		{B169C0CE-AA6E-423E-81C2-B7E04AA7026C}.Release|Any CPU.Build.0 = Release|Any CPU
	EndGlobalSection
	GlobalSection(SolutionProperties) = preSolution
		HideSolutionNode = FALSE
	EndGlobalSection
	GlobalSection(ExtensibilityGlobals) = postSolution
		SolutionGuid = {DCAE83DC-0DAD-4841-A419-35EE330AC7C7}
	EndGlobalSection
EndGlobal
